
Microsoft Visual Studio Solution File, Format Version 12.00
Project("{FAE04EC0-301F-11D3-BF4B-00C04F79EFBC}") = "ExamWebApplication", "ExamWebApplication\ExamWebApplication.csproj", "{7440D54D-86FE-4918-B762-F5AC3071A625}"
EndProject
Project("{FAE04EC0-301F-11D3-BF4B-00C04F79EFBC}") = "TeamWebApi", "TeamWebApi\TeamWebApi.csproj", "{90C28551-75F8-4959-A449-2501D6060016}"
EndProject
Global
	GlobalSection(SolutionConfigurationPlatforms) = preSolution
		Debug|Any CPU = Debug|Any CPU
		Release|Any CPU = Release|Any CPU
	EndGlobalSection
	GlobalSection(ProjectConfigurationPlatforms) = postSolution
		{7440D54D-86FE-4918-B762-F5AC3071A625}.Debug|Any CPU.ActiveCfg = Debug|Any CPU
		{7440D54D-86FE-4918-B762-F5AC3071A625}.Debug|Any CPU.Build.0 = Debug|Any CPU
		{7440D54D-86FE-4918-B762-F5AC3071A625}.Release|Any CPU.ActiveCfg = Release|Any CPU
		{7440D54D-86FE-4918-B762-F5AC3071A625}.Release|Any CPU.Build.0 = Release|Any CPU
		{90C28551-75F8-4959-A449-2501D6060016}.Debug|Any CPU.ActiveCfg = Debug|Any CPU
		{90C28551-75F8-4959-A449-2501D6060016}.Debug|Any CPU.Build.0 = Debug|Any CPU
		{90C28551-75F8-4959-A449-2501D6060016}.Release|Any CPU.ActiveCfg = Release|Any CPU
		{90C28551-75F8-4959-A449-2501D6060016}.Release|Any CPU.Build.0 = Release|Any CPU
	EndGlobalSection
EndGlobal
